
Microsoft Visual Studio Solution File, Format Version 12.00
# Visual Studio 2012
VisualStudioVersion = 15.0.28307.168
MinimumVisualStudioVersion = 10.0.40219.1
Project("{FAE04EC0-301F-11D3-BF4B-00C04F79EFBC}") = "DXPivotGrid_CustomSummary", "DXPivotGrid_CustomSummary\DXPivotGrid_CustomSummary.csproj", "{BAFCD547-10CD-4914-9AFA-EF2C8D7734A6}"
EndProject
Global
	GlobalSection(SolutionConfigurationPlatforms) = preSolution
		Debug|Any CPU = Debug|Any CPU
		Release|Any CPU = Release|Any CPU
	EndGlobalSection
	GlobalSection(ProjectConfigurationPlatforms) = postSolution
		{BAFCD547-10CD-4914-9AFA-EF2C8D7734A6}.Debug|Any CPU.ActiveCfg = Debug|Any CPU
		{BAFCD547-10CD-4914-9AFA-EF2C8D7734A6}.Debug|Any CPU.Build.0 = Debug|Any CPU
		{BAFCD547-10CD-4914-9AFA-EF2C8D7734A6}.Release|Any CPU.ActiveCfg = Release|Any CPU
		{BAFCD547-10CD-4914-9AFA-EF2C8D7734A6}.Release|Any CPU.Build.0 = Release|Any CPU
	EndGlobalSection
	GlobalSection(SolutionProperties) = preSolution
		HideSolutionNode = FALSE
	EndGlobalSection
	GlobalSection(ExtensibilityGlobals) = postSolution
		SolutionGuid = {D37A2456-5CE4-41F1-AFA2-7E5300FC9480}
	EndGlobalSection
EndGlobal
